// !$*UTF8*$!
{
	archiveVersion = 1;
	classes = {
	};
	objectVersion = 46;
	objects = {

/* Begin PBXBuildFile section */
		04477AC018EE5B8600C4EA00 /* Foundation.framework in Frameworks */ = {isa = PBXBuildFile; fileRef = 04477ABF18EE5B8600C4EA00 /* Foundation.framework */; };
		04477AC218EE5B8600C4EA00 /* CoreGraphics.framework in Frameworks */ = {isa = PBXBuildFile; fileRef = 04477AC118EE5B8600C4EA00 /* CoreGraphics.framework */; };
		04477AC418EE5B8600C4EA00 /* UIKit.framework in Frameworks */ = {isa = PBXBuildFile; fileRef = 04477AC318EE5B8600C4EA00 /* UIKit.framework */; };
		04477ACA18EE5B8600C4EA00 /* InfoPlist.strings in Resources */ = {isa = PBXBuildFile; fileRef = 04477AC818EE5B8600C4EA00 /* InfoPlist.strings */; };
		04477ACC18EE5B8600C4EA00 /* main.m in Sources */ = {isa = PBXBuildFile; fileRef = 04477ACB18EE5B8600C4EA00 /* main.m */; };
		04477AD018EE5B8600C4EA00 /* SZAppDelegate.m in Sources */ = {isa = PBXBuildFile; fileRef = 04477ACF18EE5B8600C4EA00 /* SZAppDelegate.m */; };
		04477AD318EE5B8600C4EA00 /* Main.storyboard in Resources */ = {isa = PBXBuildFile; fileRef = 04477AD118EE5B8600C4EA00 /* Main.storyboard */; };
		04477AD618EE5B8600C4EA00 /* SZViewController.m in Sources */ = {isa = PBXBuildFile; fileRef = 04477AD518EE5B8600C4EA00 /* SZViewController.m */; };
		04477AD818EE5B8600C4EA00 /* Images.xcassets in Resources */ = {isa = PBXBuildFile; fileRef = 04477AD718EE5B8600C4EA00 /* Images.xcassets */; };
		04477ADF18EE5B8700C4EA00 /* XCTest.framework in Frameworks */ = {isa = PBXBuildFile; fileRef = 04477ADE18EE5B8700C4EA00 /* XCTest.framework */; };
		04477AE018EE5B8700C4EA00 /* Foundation.framework in Frameworks */ = {isa = PBXBuildFile; fileRef = 04477ABF18EE5B8600C4EA00 /* Foundation.framework */; };
		04477AE118EE5B8700C4EA00 /* UIKit.framework in Frameworks */ = {isa = PBXBuildFile; fileRef = 04477AC318EE5B8600C4EA00 /* UIKit.framework */; };
		04477AE918EE5B8700C4EA00 /* InfoPlist.strings in Resources */ = {isa = PBXBuildFile; fileRef = 04477AE718EE5B8700C4EA00 /* InfoPlist.strings */; };
		04477AEB18EE5B8700C4EA00 /* QQ____2Tests.m in Sources */ = {isa = PBXBuildFile; fileRef = 04477AEA18EE5B8700C4EA00 /* QQ____2Tests.m */; };
		04477B1318EE5C4100C4EA00 /* SZFriendGroup.m in Sources */ = {isa = PBXBuildFile; fileRef = 04477B1218EE5C4100C4EA00 /* SZFriendGroup.m */; };
		04477B1618EE5C4E00C4EA00 /* SZFriend.m in Sources */ = {isa = PBXBuildFile; fileRef = 04477B1518EE5C4E00C4EA00 /* SZFriend.m */; };
		04477B1A18EE602300C4EA00 /* SZFriendCell.m in Sources */ = {isa = PBXBuildFile; fileRef = 04477B1918EE602300C4EA00 /* SZFriendCell.m */; };
		04477B1C18EE642900C4EA00 /* friends.plist in Resources */ = {isa = PBXBuildFile; fileRef = 04477B1B18EE642900C4EA00 /* friends.plist */; };
		04477B2218EE9BBF00C4EA00 /* SZHeaderView.m in Sources */ = {isa = PBXBuildFile; fileRef = 04477B2118EE9BBF00C4EA00 /* SZHeaderView.m */; };
/* End PBXBuildFile section */

/* Begin PBXContainerItemProxy section */
		04477AE218EE5B8700C4EA00 /* PBXContainerItemProxy */ = {
			isa = PBXContainerItemProxy;
			containerPortal = 04477AB418EE5B8600C4EA00 /* Project object */;
			proxyType = 1;
			remoteGlobalIDString = 04477ABB18EE5B8600C4EA00;
			remoteInfo = "QQ好友列表2";
		};
/* End PBXContainerItemProxy section */

/* Begin PBXFileReference section */
		04477ABC18EE5B8600C4EA00 /* QQ好友列表2.app */ = {isa = PBXFileReference; explicitFileType = wrapper.application; includeInIndex = 0; path = "QQ好友列表2.app"; sourceTree = BUILT_PRODUCTS_DIR; };
		04477ABF18EE5B8600C4EA00 /* Foundation.framework */ = {isa = PBXFileReference; lastKnownFileType = wrapper.framework; name = Foundation.framework; path = System/Library/Frameworks/Foundation.framework; sourceTree = SDKROOT; };
		04477AC118EE5B8600C4EA00 /* CoreGraphics.framework */ = {isa = PBXFileReference; lastKnownFileType = wrapper.framework; name = CoreGraphics.framework; path = System/Library/Frameworks/CoreGraphics.framework; sourceTree = SDKROOT; };
		04477AC318EE5B8600C4EA00 /* UIKit.framework */ = {isa = PBXFileReference; lastKnownFileType = wrapper.framework; name = UIKit.framework; path = System/Library/Frameworks/UIKit.framework; sourceTree = SDKROOT; };
		04477AC718EE5B8600C4EA00 /* QQ好友列表2-Info.plist */ = {isa = PBXFileReference; lastKnownFileType = text.plist.xml; path = "QQ好友列表2-Info.plist"; sourceTree = "<group>"; };
		04477AC918EE5B8600C4EA00 /* en */ = {isa = PBXFileReference; lastKnownFileType = text.plist.strings; name = en; path = en.lproj/InfoPlist.strings; sourceTree = "<group>"; };
		04477ACB18EE5B8600C4EA00 /* main.m */ = {isa = PBXFileReference; lastKnownFileType = sourcecode.c.objc; path = main.m; sourceTree = "<group>"; };
		04477ACD18EE5B8600C4EA00 /* QQ好友列表2-Prefix.pch */ = {isa = PBXFileReference; lastKnownFileType = sourcecode.c.h; path = "QQ好友列表2-Prefix.pch"; sourceTree = "<group>"; };
		04477ACE18EE5B8600C4EA00 /* SZAppDelegate.h */ = {isa = PBXFileReference; lastKnownFileType = sourcecode.c.h; path = SZAppDelegate.h; sourceTree = "<group>"; };
		04477ACF18EE5B8600C4EA00 /* SZAppDelegate.m */ = {isa = PBXFileReference; lastKnownFileType = sourcecode.c.objc; path = SZAppDelegate.m; sourceTree = "<group>"; };
		04477AD218EE5B8600C4EA00 /* Base */ = {isa = PBXFileReference; lastKnownFileType = file.storyboard; name = Base; path = Base.lproj/Main.storyboard; sourceTree = "<group>"; };
		04477AD418EE5B8600C4EA00 /* SZViewController.h */ = {isa = PBXFileReference; lastKnownFileType = sourcecode.c.h; path = SZViewController.h; sourceTree = "<group>"; };
		04477AD518EE5B8600C4EA00 /* SZViewController.m */ = {isa = PBXFileReference; lastKnownFileType = sourcecode.c.objc; path = SZViewController.m; sourceTree = "<group>"; };
		04477AD718EE5B8600C4EA00 /* Images.xcassets */ = {isa = PBXFileReference; lastKnownFileType = folder.assetcatalog; path = Images.xcassets; sourceTree = "<group>"; };
		04477ADD18EE5B8700C4EA00 /* QQ好友列表2Tests.xctest */ = {isa = PBXFileReference; explicitFileType = wrapper.cfbundle; includeInIndex = 0; path = "QQ好友列表2Tests.xctest"; sourceTree = BUILT_PRODUCTS_DIR; };
		04477ADE18EE5B8700C4EA00 /* XCTest.framework */ = {isa = PBXFileReference; lastKnownFileType = wrapper.framework; name = XCTest.framework; path = Library/Frameworks/XCTest.framework; sourceTree = DEVELOPER_DIR; };
		04477AE618EE5B8700C4EA00 /* QQ好友列表2Tests-Info.plist */ = {isa = PBXFileReference; lastKnownFileType = text.plist.xml; path = "QQ好友列表2Tests-Info.plist"; sourceTree = "<group>"; };
		04477AE818EE5B8700C4EA00 /* en */ = {isa = PBXFileReference; lastKnownFileType = text.plist.strings; name = en; path = en.lproj/InfoPlist.strings; sourceTree = "<group>"; };
		04477AEA18EE5B8700C4EA00 /* QQ____2Tests.m */ = {isa = PBXFileReference; lastKnownFileType = sourcecode.c.objc; path = "QQ____2Tests.m"; sourceTree = "<group>"; };
		04477B1118EE5C4100C4EA00 /* SZFriendGroup.h */ = {isa = PBXFileReference; fileEncoding = 4; lastKnownFileType = sourcecode.c.h; path = SZFriendGroup.h; sourceTree = "<group>"; };
		04477B1218EE5C4100C4EA00 /* SZFriendGroup.m */ = {isa = PBXFileReference; fileEncoding = 4; lastKnownFileType = sourcecode.c.objc; path = SZFriendGroup.m; sourceTree = "<group>"; };
		04477B1418EE5C4E00C4EA00 /* SZFriend.h */ = {isa = PBXFileReference; fileEncoding = 4; lastKnownFileType = sourcecode.c.h; path = SZFriend.h; sourceTree = "<group>"; };
		04477B1518EE5C4E00C4EA00 /* SZFriend.m */ = {isa = PBXFileReference; fileEncoding = 4; lastKnownFileType = sourcecode.c.objc; path = SZFriend.m; sourceTree = "<group>"; };
		04477B1818EE602300C4EA00 /* SZFriendCell.h */ = {isa = PBXFileReference; fileEncoding = 4; lastKnownFileType = sourcecode.c.h; path = SZFriendCell.h; sourceTree = "<group>"; };
		04477B1918EE602300C4EA00 /* SZFriendCell.m */ = {isa = PBXFileReference; fileEncoding = 4; lastKnownFileType = sourcecode.c.objc; path = SZFriendCell.m; sourceTree = "<group>"; };
		04477B1B18EE642900C4EA00 /* friends.plist */ = {isa = PBXFileReference; fileEncoding = 4; lastKnownFileType = text.plist.xml; name = friends.plist; path = "QQ好友列表2Tests/friends.plist"; sourceTree = SOURCE_ROOT; };
		04477B2018EE9BBF00C4EA00 /* SZHeaderView.h */ = {isa = PBXFileReference; fileEncoding = 4; lastKnownFileType = sourcecode.c.h; path = SZHeaderView.h; sourceTree = "<group>"; };
		04477B2118EE9BBF00C4EA00 /* SZHeaderView.m */ = {isa = PBXFileReference; fileEncoding = 4; lastKnownFileType = sourcecode.c.objc; path = SZHeaderView.m; sourceTree = "<group>"; };
/* End PBXFileReference section */

/* Begin PBXFrameworksBuildPhase section */
		04477AB918EE5B8600C4EA00 /* Frameworks */ = {
			isa = PBXFrameworksBuildPhase;
			buildActionMask = 2147483647;
			files = (
				04477AC218EE5B8600C4EA00 /* CoreGraphics.framework in Frameworks */,
				04477AC418EE5B8600C4EA00 /* UIKit.framework in Frameworks */,
				04477AC018EE5B8600C4EA00 /* Foundation.framework in Frameworks */,
			);
			runOnlyForDeploymentPostprocessing = 0;
		};
		04477ADA18EE5B8700C4EA00 /* Frameworks */ = {
			isa = PBXFrameworksBuildPhase;
			buildActionMask = 2147483647;
			files = (
				04477ADF18EE5B8700C4EA00 /* XCTest.framework in Frameworks */,
				04477AE118EE5B8700C4EA00 /* UIKit.framework in Frameworks */,
				04477AE018EE5B8700C4EA00 /* Foundation.framework in Frameworks */,
			);
			runOnlyForDeploymentPostprocessing = 0;
		};
/* End PBXFrameworksBuildPhase section */

/* Begin PBXGroup section */
		04477AB318EE5B8600C4EA00 = {
			isa = PBXGroup;
			children = (
				04477AC518EE5B8600C4EA00 /* QQ好友列表2 */,
				04477AE418EE5B8700C4EA00 /* QQ好友列表2Tests */,
				04477ABE18EE5B8600C4EA00 /* Frameworks */,
				04477ABD18EE5B8600C4EA00 /* Products */,
			);
			sourceTree = "<group>";
		};
		04477ABD18EE5B8600C4EA00 /* Products */ = {
			isa = PBXGroup;
			children = (
				04477ABC18EE5B8600C4EA00 /* QQ好友列表2.app */,
				04477ADD18EE5B8700C4EA00 /* QQ好友列表2Tests.xctest */,
			);
			name = Products;
			sourceTree = "<group>";
		};
		04477ABE18EE5B8600C4EA00 /* Frameworks */ = {
			isa = PBXGroup;
			children = (
				04477ABF18EE5B8600C4EA00 /* Foundation.framework */,
				04477AC118EE5B8600C4EA00 /* CoreGraphics.framework */,
				04477AC318EE5B8600C4EA00 /* UIKit.framework */,
				04477ADE18EE5B8700C4EA00 /* XCTest.framework */,
			);
			name = Frameworks;
			sourceTree = "<group>";
		};
		04477AC518EE5B8600C4EA00 /* QQ好友列表2 */ = {
			isa = PBXGroup;
			children = (
				04477B1718EE600800C4EA00 /* View */,
				04477B0F18EE5C1900C4EA00 /* model */,
				04477ACE18EE5B8600C4EA00 /* SZAppDelegate.h */,
				04477ACF18EE5B8600C4EA00 /* SZAppDelegate.m */,
				04477AD118EE5B8600C4EA00 /* Main.storyboard */,
				04477AD418EE5B8600C4EA00 /* SZViewController.h */,
				04477AD518EE5B8600C4EA00 /* SZViewController.m */,
				04477AD718EE5B8600C4EA00 /* Images.xcassets */,
				04477AC618EE5B8600C4EA00 /* Supporting Files */,
			);
			path = "QQ好友列表2";
			sourceTree = "<group>";
		};
		04477AC618EE5B8600C4EA00 /* Supporting Files */ = {
			isa = PBXGroup;
			children = (
				04477B1B18EE642900C4EA00 /* friends.plist */,
				04477AC718EE5B8600C4EA00 /* QQ好友列表2-Info.plist */,
				04477AC818EE5B8600C4EA00 /* InfoPlist.strings */,
				04477ACB18EE5B8600C4EA00 /* main.m */,
				04477ACD18EE5B8600C4EA00 /* QQ好友列表2-Prefix.pch */,
			);
			name = "Supporting Files";
			sourceTree = "<group>";
		};
		04477AE418EE5B8700C4EA00 /* QQ好友列表2Tests */ = {
			isa = PBXGroup;
			children = (
				04477AEA18EE5B8700C4EA00 /* QQ____2Tests.m */,
				04477AE518EE5B8700C4EA00 /* Supporting Files */,
			);
			path = "QQ好友列表2Tests";
			sourceTree = "<group>";
		};
		04477AE518EE5B8700C4EA00 /* Supporting Files */ = {
			isa = PBXGroup;
			children = (
				04477AE618EE5B8700C4EA00 /* QQ好友列表2Tests-Info.plist */,
				04477AE718EE5B8700C4EA00 /* InfoPlist.strings */,
			);
			name = "Supporting Files";
			sourceTree = "<group>";
		};
		04477B0F18EE5C1900C4EA00 /* model */ = {
			isa = PBXGroup;
			children = (
				04477B1118EE5C4100C4EA00 /* SZFriendGroup.h */,
				04477B1218EE5C4100C4EA00 /* SZFriendGroup.m */,
				04477B1418EE5C4E00C4EA00 /* SZFriend.h */,
				04477B1518EE5C4E00C4EA00 /* SZFriend.m */,
			);
			name = model;
			sourceTree = "<group>";
		};
		04477B1718EE600800C4EA00 /* View */ = {
			isa = PBXGroup;
			children = (
				04477B1818EE602300C4EA00 /* SZFriendCell.h */,
				04477B1918EE602300C4EA00 /* SZFriendCell.m */,
				04477B2018EE9BBF00C4EA00 /* SZHeaderView.h */,
				04477B2118EE9BBF00C4EA00 /* SZHeaderView.m */,
			);
			name = View;
			sourceTree = "<group>";
		};
/* End PBXGroup section */

/* Begin PBXNativeTarget section */
		04477ABB18EE5B8600C4EA00 /* QQ好友列表2 */ = {
			isa = PBXNativeTarget;
			buildConfigurationList = 04477AEE18EE5B8700C4EA00 /* Build configuration list for PBXNativeTarget "QQ好友列表2" */;
			buildPhases = (
				04477AB818EE5B8600C4EA00 /* Sources */,
				04477AB918EE5B8600C4EA00 /* Frameworks */,
				04477ABA18EE5B8600C4EA00 /* Resources */,
			);
			buildRules = (
			);
			dependencies = (
			);
			name = "QQ好友列表2";
			productName = "QQ好友列表2";
			productReference = 04477ABC18EE5B8600C4EA00 /* QQ好友列表2.app */;
			productType = "com.apple.product-type.application";
		};
		04477ADC18EE5B8700C4EA00 /* QQ好友列表2Tests */ = {
			isa = PBXNativeTarget;
			buildConfigurationList = 04477AF118EE5B8700C4EA00 /* Build configuration list for PBXNativeTarget "QQ好友列表2Tests" */;
			buildPhases = (
				04477AD918EE5B8700C4EA00 /* Sources */,
				04477ADA18EE5B8700C4EA00 /* Frameworks */,
				04477ADB18EE5B8700C4EA00 /* Resources */,
			);
			buildRules = (
			);
			dependencies = (
				04477AE318EE5B8700C4EA00 /* PBXTargetDependency */,
			);
			name = "QQ好友列表2Tests";
			productName = "QQ好友列表2Tests";
			productReference = 04477ADD18EE5B8700C4EA00 /* QQ好友列表2Tests.xctest */;
			productType = "com.apple.product-type.bundle.unit-test";
		};
/* End PBXNativeTarget section */

/* Begin PBXProject section */
		04477AB418EE5B8600C4EA00 /* Project object */ = {
			isa = PBXProject;
			attributes = {
				CLASSPREFIX = SZ;
				LastUpgradeCheck = 0500;
				ORGANIZATIONNAME = itcast;
				TargetAttributes = {
					04477ADC18EE5B8700C4EA00 = {
						TestTargetID = 04477ABB18EE5B8600C4EA00;
					};
				};
			};
			buildConfigurationList = 04477AB718EE5B8600C4EA00 /* Build configuration list for PBXProject "QQ好友列表2" */;
			compatibilityVersion = "Xcode 3.2";
			developmentRegion = English;
			hasScannedForEncodings = 0;
			knownRegions = (
				en,
				Base,
			);
			mainGroup = 04477AB318EE5B8600C4EA00;
			productRefGroup = 04477ABD18EE5B8600C4EA00 /* Products */;
			projectDirPath = "";
			projectRoot = "";
			targets = (
				04477ABB18EE5B8600C4EA00 /* QQ好友列表2 */,
				04477ADC18EE5B8700C4EA00 /* QQ好友列表2Tests */,
			);
		};
/* End PBXProject section */

/* Begin PBXResourcesBuildPhase section */
		04477ABA18EE5B8600C4EA00 /* Resources */ = {
			isa = PBXResourcesBuildPhase;
			buildActionMask = 2147483647;
			files = (
				04477AD818EE5B8600C4EA00 /* Images.xcassets in Resources */,
				04477ACA18EE5B8600C4EA00 /* InfoPlist.strings in Resources */,
				04477B1C18EE642900C4EA00 /* friends.plist in Resources */,
				04477AD318EE5B8600C4EA00 /* Main.storyboard in Resources */,
			);
			runOnlyForDeploymentPostprocessing = 0;
		};
		04477ADB18EE5B8700C4EA00 /* Resources */ = {
			isa = PBXResourcesBuildPhase;
			buildActionMask = 2147483647;
			files = (
				04477AE918EE5B8700C4EA00 /* InfoPlist.strings in Resources */,
			);
			runOnlyForDeploymentPostprocessing = 0;
		};
/* End PBXResourcesBuildPhase section */

/* Begin PBXSourcesBuildPhase section */
		04477AB818EE5B8600C4EA00 /* Sources */ = {
			isa = PBXSourcesBuildPhase;
			buildActionMask = 2147483647;
			files = (
				04477B1618EE5C4E00C4EA00 /* SZFriend.m in Sources */,
				04477B1318EE5C4100C4EA00 /* SZFriendGroup.m in Sources */,
				04477B1A18EE602300C4EA00 /* SZFriendCell.m in Sources */,
				04477AD618EE5B8600C4EA00 /* SZViewController.m in Sources */,
				04477ACC18EE5B8600C4EA00 /* main.m in Sources */,
				04477B2218EE9BBF00C4EA00 /* SZHeaderView.m in Sources */,
				04477AD018EE5B8600C4EA00 /* SZAppDelegate.m in Sources */,
			);
			runOnlyForDeploymentPostprocessing = 0;
		};
		04477AD918EE5B8700C4EA00 /* Sources */ = {
			isa = PBXSourcesBuildPhase;
			buildActionMask = 2147483647;
			files = (
				04477AEB18EE5B8700C4EA00 /* QQ____2Tests.m in Sources */,
			);
			runOnlyForDeploymentPostprocessing = 0;
		};
/* End PBXSourcesBuildPhase section */

/* Begin PBXTargetDependency section */
		04477AE318EE5B8700C4EA00 /* PBXTargetDependency */ = {
			isa = PBXTargetDependency;
			target = 04477ABB18EE5B8600C4EA00 /* QQ好友列表2 */;
			targetProxy = 04477AE218EE5B8700C4EA00 /* PBXContainerItemProxy */;
		};
/* End PBXTargetDependency section */

/* Begin PBXVariantGroup section */
		04477AC818EE5B8600C4EA00 /* InfoPlist.strings */ = {
			isa = PBXVariantGroup;
			children = (
				04477AC918EE5B8600C4EA00 /* en */,
			);
			name = InfoPlist.strings;
			sourceTree = "<group>";
		};
		04477AD118EE5B8600C4EA00 /* Main.storyboard */ = {
			isa = PBXVariantGroup;
			children = (
				04477AD218EE5B8600C4EA00 /* Base */,
			);
			name = Main.storyboard;
			sourceTree = "<group>";
		};
		04477AE718EE5B8700C4EA00 /* InfoPlist.strings */ = {
			isa = PBXVariantGroup;
			children = (
				04477AE818EE5B8700C4EA00 /* en */,
			);
			name = InfoPlist.strings;
			sourceTree = "<group>";
		};
/* End PBXVariantGroup section */

/* Begin XCBuildConfiguration section */
		04477AEC18EE5B8700C4EA00 /* Debug */ = {
			isa = XCBuildConfiguration;
			buildSettings = {
				ALWAYS_SEARCH_USER_PATHS = NO;
				ARCHS = "$(ARCHS_STANDARD_INCLUDING_64_BIT)";
				CLANG_CXX_LANGUAGE_STANDARD = "gnu++0x";
				CLANG_CXX_LIBRARY = "libc++";
				CLANG_ENABLE_MODULES = YES;
				CLANG_ENABLE_OBJC_ARC = YES;
				CLANG_WARN_BOOL_CONVERSION = YES;
				CLANG_WARN_CONSTANT_CONVERSION = YES;
				CLANG_WARN_DIRECT_OBJC_ISA_USAGE = YES_ERROR;
				CLANG_WARN_EMPTY_BODY = YES;
				CLANG_WARN_ENUM_CONVERSION = YES;
				CLANG_WARN_INT_CONVERSION = YES;
				CLANG_WARN_OBJC_ROOT_CLASS = YES_ERROR;
				CLANG_WARN__DUPLICATE_METHOD_MATCH = YES;
				"CODE_SIGN_IDENTITY[sdk=iphoneos*]" = "iPhone Developer";
				COPY_PHASE_STRIP = NO;
				GCC_C_LANGUAGE_STANDARD = gnu99;
				GCC_DYNAMIC_NO_PIC = NO;
				GCC_OPTIMIZATION_LEVEL = 0;
				GCC_PREPROCESSOR_DEFINITIONS = (
					"DEBUG=1",
					"$(inherited)",
				);
				GCC_SYMBOLS_PRIVATE_EXTERN = NO;
				GCC_WARN_64_TO_32_BIT_CONVERSION = YES;
				GCC_WARN_ABOUT_RETURN_TYPE = YES_ERROR;
				GCC_WARN_UNDECLARED_SELECTOR = YES;
				GCC_WARN_UNINITIALIZED_AUTOS = YES;
				GCC_WARN_UNUSED_FUNCTION = YES;
				GCC_WARN_UNUSED_VARIABLE = YES;
				IPHONEOS_DEPLOYMENT_TARGET = 7.0;
				ONLY_ACTIVE_ARCH = YES;
				SDKROOT = iphoneos;
			};
			name = Debug;
		};
		04477AED18EE5B8700C4EA00 /* Release */ = {
			isa = XCBuildConfiguration;
			buildSettings = {
				ALWAYS_SEARCH_USER_PATHS = NO;
				ARCHS = "$(ARCHS_STANDARD_INCLUDING_64_BIT)";
				CLANG_CXX_LANGUAGE_STANDARD = "gnu++0x";
				CLANG_CXX_LIBRARY = "libc++";
				CLANG_ENABLE_MODULES = YES;
				CLANG_ENABLE_OBJC_ARC = YES;
				CLANG_WARN_BOOL_CONVERSION = YES;
				CLANG_WARN_CONSTANT_CONVERSION = YES;
				CLANG_WARN_DIRECT_OBJC_ISA_USAGE = YES_ERROR;
				CLANG_WARN_EMPTY_BODY = YES;
				CLANG_WARN_ENUM_CONVERSION = YES;
				CLANG_WARN_INT_CONVERSION = YES;
				CLANG_WARN_OBJC_ROOT_CLASS = YES_ERROR;
				CLANG_WARN__DUPLICATE_METHOD_MATCH = YES;
				"CODE_SIGN_IDENTITY[sdk=iphoneos*]" = "iPhone Developer";
				COPY_PHASE_STRIP = YES;
				ENABLE_NS_ASSERTIONS = NO;
				GCC_C_LANGUAGE_STANDARD = gnu99;
				GCC_WARN_64_TO_32_BIT_CONVERSION = YES;
				GCC_WARN_ABOUT_RETURN_TYPE = YES_ERROR;
				GCC_WARN_UNDECLARED_SELECTOR = YES;
				GCC_WARN_UNINITIALIZED_AUTOS = YES;
				GCC_WARN_UNUSED_FUNCTION = YES;
				GCC_WARN_UNUSED_VARIABLE = YES;
				IPHONEOS_DEPLOYMENT_TARGET = 7.0;
				SDKROOT = iphoneos;
				VALIDATE_PRODUCT = YES;
			};
			name = Release;
		};
		04477AEF18EE5B8700C4EA00 /* Debug */ = {
			isa = XCBuildConfiguration;
			buildSettings = {
				ASSETCATALOG_COMPILER_APPICON_NAME = AppIcon;
				ASSETCATALOG_COMPILER_LAUNCHIMAGE_NAME = LaunchImage;
				GCC_PRECOMPILE_PREFIX_HEADER = YES;
				GCC_PREFIX_HEADER = "QQ好友列表2/QQ好友列表2-Prefix.pch";
				INFOPLIST_FILE = "QQ好友列表2/QQ好友列表2-Info.plist";
				PRODUCT_NAME = "$(TARGET_NAME)";
				WRAPPER_EXTENSION = app;
			};
			name = Debug;
		};
		04477AF018EE5B8700C4EA00 /* Release */ = {
			isa = XCBuildConfiguration;
			buildSettings = {
				ASSETCATALOG_COMPILER_APPICON_NAME = AppIcon;
				ASSETCATALOG_COMPILER_LAUNCHIMAGE_NAME = LaunchImage;
				GCC_PRECOMPILE_PREFIX_HEADER = YES;
				GCC_PREFIX_HEADER = "QQ好友列表2/QQ好友列表2-Prefix.pch";
				INFOPLIST_FILE = "QQ好友列表2/QQ好友列表2-Info.plist";
				PRODUCT_NAME = "$(TARGET_NAME)";
				WRAPPER_EXTENSION = app;
			};
			name = Release;
		};
		04477AF218EE5B8700C4EA00 /* Debug */ = {
			isa = XCBuildConfiguration;
			buildSettings = {
				ARCHS = "$(ARCHS_STANDARD_INCLUDING_64_BIT)";
				BUNDLE_LOADER = "$(BUILT_PRODUCTS_DIR)/QQ好友列表2.app/QQ好友列表2";
				FRAMEWORK_SEARCH_PATHS = (
					"$(SDKROOT)/Developer/Library/Frameworks",
					"$(inherited)",
					"$(DEVELOPER_FRAMEWORKS_DIR)",
				);
				GCC_PRECOMPILE_PREFIX_HEADER = YES;
				GCC_PREFIX_HEADER = "QQ好友列表2/QQ好友列表2-Prefix.pch";
				GCC_PREPROCESSOR_DEFINITIONS = (
					"DEBUG=1",
					"$(inherited)",
				);
				INFOPLIST_FILE = "QQ好友列表2Tests/QQ好友列表2Tests-Info.plist";
				PRODUCT_NAME = "$(TARGET_NAME)";
				TEST_HOST = "$(BUNDLE_LOADER)";
				WRAPPER_EXTENSION = xctest;
			};
			name = Debug;
		};
		04477AF318EE5B8700C4EA00 /* Release */ = {
			isa = XCBuildConfiguration;
			buildSettings = {
				ARCHS = "$(ARCHS_STANDARD_INCLUDING_64_BIT)";
				BUNDLE_LOADER = "$(BUILT_PRODUCTS_DIR)/QQ好友列表2.app/QQ好友列表2";
				FRAMEWORK_SEARCH_PATHS = (
					"$(SDKROOT)/Developer/Library/Frameworks",
					"$(inherited)",
					"$(DEVELOPER_FRAMEWORKS_DIR)",
				);
				GCC_PRECOMPILE_PREFIX_HEADER = YES;
				GCC_PREFIX_HEADER = "QQ好友列表2/QQ好友列表2-Prefix.pch";
				INFOPLIST_FILE = "QQ好友列表2Tests/QQ好友列表2Tests-Info.plist";
				PRODUCT_NAME = "$(TARGET_NAME)";
				TEST_HOST = "$(BUNDLE_LOADER)";
				WRAPPER_EXTENSION = xctest;
			};
			name = Release;
		};
/* End XCBuildConfiguration section */

/* Begin XCConfigurationList section */
		04477AB718EE5B8600C4EA00 /* Build configuration list for PBXProject "QQ好友列表2" */ = {
			isa = XCConfigurationList;
			buildConfigurations = (
				04477AEC18EE5B8700C4EA00 /* Debug */,
				04477AED18EE5B8700C4EA00 /* Release */,
			);
			defaultConfigurationIsVisible = 0;
			defaultConfigurationName = Release;
		};
		04477AEE18EE5B8700C4EA00 /* Build configuration list for PBXNativeTarget "QQ好友列表2" */ = {
			isa = XCConfigurationList;
			buildConfigurations = (
				04477AEF18EE5B8700C4EA00 /* Debug */,
				04477AF018EE5B8700C4EA00 /* Release */,
			);
			defaultConfigurationIsVisible = 0;
		};
		04477AF118EE5B8700C4EA00 /* Build configuration list for PBXNativeTarget "QQ好友列表2Tests" */ = {
			isa = XCConfigurationList;
			buildConfigurations = (
				04477AF218EE5B8700C4EA00 /* Debug */,
				04477AF318EE5B8700C4EA00 /* Release */,
			);
			defaultConfigurationIsVisible = 0;
		};
/* End XCConfigurationList section */
	};
	rootObject = 04477AB418EE5B8600C4EA00 /* Project object */;
}
